
Microsoft Visual Studio Solution File, Format Version 12.00
# Visual Studio Version 17
VisualStudioVersion = 17.14.36327.8
MinimumVisualStudioVersion = 10.0.40219.1
Project("{2150E333-8FDC-42A3-9474-1A3956D46DE8}") = "Services", "Services", "{02EA681E-C7D8-13C7-8484-4AC65E1B71E8}"
EndProject
Project("{2150E333-8FDC-42A3-9474-1A3956D46DE8}") = "Catalog", "Catalog", "{2ED7DB65-9FAF-4F02-8E3A-5F065089AC47}"
EndProject
Project("{FAE04EC0-301F-11D3-BF4B-00C04F79EFBC}") = "Catalog.API", "src\Services\Catalog\Catalog.API\Catalog.API.csproj", "{B82923A8-9909-4F4C-A54E-0996B2099F77}"
EndProject
Project("{2150E333-8FDC-42A3-9474-1A3956D46DE8}") = "BuildingBlocks", "BuildingBlocks", "{4600C1C4-54B4-4790-859F-48EEF46CC953}"
EndProject
Project("{FAE04EC0-301F-11D3-BF4B-00C04F79EFBC}") = "BuildingBlocks", "src\BuildingBlocks\BuildingBlocks\BuildingBlocks\BuildingBlocks.csproj", "{2FDFE185-E9B9-437B-81FF-ED4BA06AB0EA}"
EndProject
Project("{E53339B2-1760-4266-BCC7-CA923CBCF16C}") = "docker-compose", "docker-compose.dcproj", "{81DDED9D-158B-E303-5F62-77A2896D2A5A}"
EndProject
Global
	GlobalSection(SolutionConfigurationPlatforms) = preSolution
		Debug|Any CPU = Debug|Any CPU
		Release|Any CPU = Release|Any CPU
	EndGlobalSection
	GlobalSection(ProjectConfigurationPlatforms) = postSolution
		{B82923A8-9909-4F4C-A54E-0996B2099F77}.Debug|Any CPU.ActiveCfg = Debug|Any CPU
		{B82923A8-9909-4F4C-A54E-0996B2099F77}.Debug|Any CPU.Build.0 = Debug|Any CPU
		{B82923A8-9909-4F4C-A54E-0996B2099F77}.Release|Any CPU.ActiveCfg = Release|Any CPU
		{B82923A8-9909-4F4C-A54E-0996B2099F77}.Release|Any CPU.Build.0 = Release|Any CPU
		{2FDFE185-E9B9-437B-81FF-ED4BA06AB0EA}.Debug|Any CPU.ActiveCfg = Debug|Any CPU
		{2FDFE185-E9B9-437B-81FF-ED4BA06AB0EA}.Debug|Any CPU.Build.0 = Debug|Any CPU
		{2FDFE185-E9B9-437B-81FF-ED4BA06AB0EA}.Release|Any CPU.ActiveCfg = Release|Any CPU
		{2FDFE185-E9B9-437B-81FF-ED4BA06AB0EA}.Release|Any CPU.Build.0 = Release|Any CPU
		{81DDED9D-158B-E303-5F62-77A2896D2A5A}.Debug|Any CPU.ActiveCfg = Debug|Any CPU
		{81DDED9D-158B-E303-5F62-77A2896D2A5A}.Debug|Any CPU.Build.0 = Debug|Any CPU
		{81DDED9D-158B-E303-5F62-77A2896D2A5A}.Release|Any CPU.ActiveCfg = Release|Any CPU
		{81DDED9D-158B-E303-5F62-77A2896D2A5A}.Release|Any CPU.Build.0 = Release|Any CPU
	EndGlobalSection
	GlobalSection(SolutionProperties) = preSolution
		HideSolutionNode = FALSE
	EndGlobalSection
	GlobalSection(NestedProjects) = preSolution
		{2ED7DB65-9FAF-4F02-8E3A-5F065089AC47} = {02EA681E-C7D8-13C7-8484-4AC65E1B71E8}
		{B82923A8-9909-4F4C-A54E-0996B2099F77} = {2ED7DB65-9FAF-4F02-8E3A-5F065089AC47}
		{2FDFE185-E9B9-437B-81FF-ED4BA06AB0EA} = {4600C1C4-54B4-4790-859F-48EEF46CC953}
	EndGlobalSection
	GlobalSection(ExtensibilityGlobals) = postSolution
		SolutionGuid = {3266B268-D0CD-4071-9A3A-B0D9AB689B16}
	EndGlobalSection
EndGlobal
